
Microsoft Visual Studio Solution File, Format Version 12.00
# Visual Studio 15
VisualStudioVersion = 15.0.27703.2047
MinimumVisualStudioVersion = 10.0.40219.1
Project("{9A19103F-16F7-4668-BE54-9A1E7A4F7556}") = "Toosame.Wallpager", "Toosame.Wallpager\Toosame.Wallpager.csproj", "{5798FE8C-7635-45E9-89DA-E536A9AD229D}"
EndProject
Project("{FAE04EC0-301F-11D3-BF4B-00C04F79EFBC}") = "Toosame.Wallpager.Data", "Toosame.Wallpager.Data\Toosame.Wallpager.Data.csproj", "{27D51F3F-B7D5-4514-B338-37B4C5FF52AA}"
EndProject
Project("{FAE04EC0-301F-11D3-BF4B-00C04F79EFBC}") = "Toosame.Wallpager.Model", "Toosame.Wallpager.Model\Toosame.Wallpager.Model.csproj", "{CD54C56A-6A29-4F81-90EC-DC15E21C76C7}"
EndProject
Project("{FAE04EC0-301F-11D3-BF4B-00C04F79EFBC}") = "Toosame.Wallpager.Data.MySql", "Toosame.Wallpager.Data.MySql\Toosame.Wallpager.Data.MySql.csproj", "{C92C0B58-41D2-4EFB-9615-87C9E26634AE}"
EndProject
Project("{FAE04EC0-301F-11D3-BF4B-00C04F79EFBC}") = "Toosame.Wallpager.Data.SqlServer", "Toosame.Wallpager.Data.SqlServer\Toosame.Wallpager.Data.SqlServer.csproj", "{5C5F1A7D-E435-4038-A97B-C6B0E5F04716}"
EndProject
Global
	GlobalSection(SolutionConfigurationPlatforms) = preSolution
		Debug|Any CPU = Debug|Any CPU
		Release|Any CPU = Release|Any CPU
	EndGlobalSection
	GlobalSection(ProjectConfigurationPlatforms) = postSolution
		{5798FE8C-7635-45E9-89DA-E536A9AD229D}.Debug|Any CPU.ActiveCfg = Debug|Any CPU
		{5798FE8C-7635-45E9-89DA-E536A9AD229D}.Debug|Any CPU.Build.0 = Debug|Any CPU
		{5798FE8C-7635-45E9-89DA-E536A9AD229D}.Release|Any CPU.ActiveCfg = Release|Any CPU
		{5798FE8C-7635-45E9-89DA-E536A9AD229D}.Release|Any CPU.Build.0 = Release|Any CPU
		{27D51F3F-B7D5-4514-B338-37B4C5FF52AA}.Debug|Any CPU.ActiveCfg = Debug|Any CPU
		{27D51F3F-B7D5-4514-B338-37B4C5FF52AA}.Debug|Any CPU.Build.0 = Debug|Any CPU
		{27D51F3F-B7D5-4514-B338-37B4C5FF52AA}.Release|Any CPU.ActiveCfg = Release|Any CPU
		{27D51F3F-B7D5-4514-B338-37B4C5FF52AA}.Release|Any CPU.Build.0 = Release|Any CPU
		{CD54C56A-6A29-4F81-90EC-DC15E21C76C7}.Debug|Any CPU.ActiveCfg = Debug|Any CPU
		{CD54C56A-6A29-4F81-90EC-DC15E21C76C7}.Debug|Any CPU.Build.0 = Debug|Any CPU
		{CD54C56A-6A29-4F81-90EC-DC15E21C76C7}.Release|Any CPU.ActiveCfg = Release|Any CPU
		{CD54C56A-6A29-4F81-90EC-DC15E21C76C7}.Release|Any CPU.Build.0 = Release|Any CPU
		{C92C0B58-41D2-4EFB-9615-87C9E26634AE}.Debug|Any CPU.ActiveCfg = Debug|Any CPU
		{C92C0B58-41D2-4EFB-9615-87C9E26634AE}.Debug|Any CPU.Build.0 = Debug|Any CPU
		{C92C0B58-41D2-4EFB-9615-87C9E26634AE}.Release|Any CPU.ActiveCfg = Release|Any CPU
		{C92C0B58-41D2-4EFB-9615-87C9E26634AE}.Release|Any CPU.Build.0 = Release|Any CPU
		{5C5F1A7D-E435-4038-A97B-C6B0E5F04716}.Debug|Any CPU.ActiveCfg = Debug|Any CPU
		{5C5F1A7D-E435-4038-A97B-C6B0E5F04716}.Debug|Any CPU.Build.0 = Debug|Any CPU
		{5C5F1A7D-E435-4038-A97B-C6B0E5F04716}.Release|Any CPU.ActiveCfg = Release|Any CPU
		{5C5F1A7D-E435-4038-A97B-C6B0E5F04716}.Release|Any CPU.Build.0 = Release|Any CPU
	EndGlobalSection
	GlobalSection(SolutionProperties) = preSolution
		HideSolutionNode = FALSE
	EndGlobalSection
	GlobalSection(ExtensibilityGlobals) = postSolution
		SolutionGuid = {5CBDEED1-395E-4F26-81A0-28337E799C04}
	EndGlobalSection
EndGlobal
